// !$*UTF8*$!
{
	archiveVersion = 1;
	classes = {
	};
	objectVersion = 52;
	objects = {

/* Begin PBXBuildFile section */
		9608E768257E9F240094A570 /* TreNottiApp.swift in Sources */ = {isa = PBXBuildFile; fileRef = 9608E767257E9F240094A570 /* TreNottiApp.swift */; };
		9608E76A257E9F240094A570 /* ContentView.swift in Sources */ = {isa = PBXBuildFile; fileRef = 9608E769257E9F240094A570 /* ContentView.swift */; };
		9608E76C257E9F250094A570 /* Assets.xcassets in Resources */ = {isa = PBXBuildFile; fileRef = 9608E76B257E9F250094A570 /* Assets.xcassets */; };
		9608E76F257E9F250094A570 /* Preview Assets.xcassets in Resources */ = {isa = PBXBuildFile; fileRef = 9608E76E257E9F250094A570 /* Preview Assets.xcassets */; };
		9608E77A257E9F250094A570 /* TreNottiTests.swift in Sources */ = {isa = PBXBuildFile; fileRef = 9608E779257E9F250094A570 /* TreNottiTests.swift */; };
		9608E785257E9F250094A570 /* TreNottiUITests.swift in Sources */ = {isa = PBXBuildFile; fileRef = 9608E784257E9F250094A570 /* TreNottiUITests.swift */; };
		9608E796257EA3E70094A570 /* TrainStatusView.swift in Sources */ = {isa = PBXBuildFile; fileRef = 9608E795257EA3E70094A570 /* TrainStatusView.swift */; };
		9608E7A4257F35550094A570 /* Realm in Frameworks */ = {isa = PBXBuildFile; productRef = 9608E7A3257F35550094A570 /* Realm */; };
		9608E7A6257F35550094A570 /* RealmSwift in Frameworks */ = {isa = PBXBuildFile; productRef = 9608E7A5257F35550094A570 /* RealmSwift */; };
		9608E7AC257F35820094A570 /* Alamofire in Frameworks */ = {isa = PBXBuildFile; productRef = 9608E7AB257F35820094A570 /* Alamofire */; };
		969617FB25A9863F00C74310 /* train_information_availability.json in Resources */ = {isa = PBXBuildFile; fileRef = 969617FA25A9863F00C74310 /* train_information_availability.json */; };
		969E5516258D8EBD00322029 /* KeychainAccess in Frameworks */ = {isa = PBXBuildFile; productRef = 969E5515258D8EBD00322029 /* KeychainAccess */; };
		96DCE386258BF049009EBB12 /* Env.swift in Sources */ = {isa = PBXBuildFile; fileRef = 96DCE385258BF049009EBB12 /* Env.swift */; };
		96DCE38B258BF0BC009EBB12 /* TNController.swift in Sources */ = {isa = PBXBuildFile; fileRef = 96DCE38A258BF0BC009EBB12 /* TNController.swift */; };
		96DCE390258BF99B009EBB12 /* railway.json in Resources */ = {isa = PBXBuildFile; fileRef = 96DCE38F258BF99A009EBB12 /* railway.json */; };
/* End PBXBuildFile section */

/* Begin PBXContainerItemProxy section */
		9608E776257E9F250094A570 /* PBXContainerItemProxy */ = {
			isa = PBXContainerItemProxy;
			containerPortal = 9608E75C257E9F240094A570 /* Project object */;
			proxyType = 1;
			remoteGlobalIDString = 9608E763257E9F240094A570;
			remoteInfo = TreNotti;
		};
		9608E781257E9F250094A570 /* PBXContainerItemProxy */ = {
			isa = PBXContainerItemProxy;
			containerPortal = 9608E75C257E9F240094A570 /* Project object */;
			proxyType = 1;
			remoteGlobalIDString = 9608E763257E9F240094A570;
			remoteInfo = TreNotti;
		};
/* End PBXContainerItemProxy section */

/* Begin PBXFileReference section */
		9608E764257E9F240094A570 /* TreNotti.app */ = {isa = PBXFileReference; explicitFileType = wrapper.application; includeInIndex = 0; path = TreNotti.app; sourceTree = BUILT_PRODUCTS_DIR; };
		9608E767257E9F240094A570 /* TreNottiApp.swift */ = {isa = PBXFileReference; lastKnownFileType = sourcecode.swift; path = TreNottiApp.swift; sourceTree = "<group>"; };
		9608E769257E9F240094A570 /* ContentView.swift */ = {isa = PBXFileReference; lastKnownFileType = sourcecode.swift; path = ContentView.swift; sourceTree = "<group>"; };
		9608E76B257E9F250094A570 /* Assets.xcassets */ = {isa = PBXFileReference; lastKnownFileType = folder.assetcatalog; path = Assets.xcassets; sourceTree = "<group>"; };
		9608E76E257E9F250094A570 /* Preview Assets.xcassets */ = {isa = PBXFileReference; lastKnownFileType = folder.assetcatalog; path = "Preview Assets.xcassets"; sourceTree = "<group>"; };
		9608E770257E9F250094A570 /* Info.plist */ = {isa = PBXFileReference; lastKnownFileType = text.plist.xml; path = Info.plist; sourceTree = "<group>"; };
		9608E775257E9F250094A570 /* TreNottiTests.xctest */ = {isa = PBXFileReference; explicitFileType = wrapper.cfbundle; includeInIndex = 0; path = TreNottiTests.xctest; sourceTree = BUILT_PRODUCTS_DIR; };
		9608E779257E9F250094A570 /* TreNottiTests.swift */ = {isa = PBXFileReference; lastKnownFileType = sourcecode.swift; path = TreNottiTests.swift; sourceTree = "<group>"; };
		9608E77B257E9F250094A570 /* Info.plist */ = {isa = PBXFileReference; lastKnownFileType = text.plist.xml; path = Info.plist; sourceTree = "<group>"; };
		9608E780257E9F250094A570 /* TreNottiUITests.xctest */ = {isa = PBXFileReference; explicitFileType = wrapper.cfbundle; includeInIndex = 0; path = TreNottiUITests.xctest; sourceTree = BUILT_PRODUCTS_DIR; };
		9608E784257E9F250094A570 /* TreNottiUITests.swift */ = {isa = PBXFileReference; lastKnownFileType = sourcecode.swift; path = TreNottiUITests.swift; sourceTree = "<group>"; };
		9608E786257E9F250094A570 /* Info.plist */ = {isa = PBXFileReference; lastKnownFileType = text.plist.xml; path = Info.plist; sourceTree = "<group>"; };
		9608E795257EA3E70094A570 /* TrainStatusView.swift */ = {isa = PBXFileReference; lastKnownFileType = sourcecode.swift; path = TrainStatusView.swift; sourceTree = "<group>"; };
		969617FA25A9863F00C74310 /* train_information_availability.json */ = {isa = PBXFileReference; lastKnownFileType = text.json; path = train_information_availability.json; sourceTree = "<group>"; };
		96A04A2D25A615FB00549DD5 /* TreNotti.entitlements */ = {isa = PBXFileReference; lastKnownFileType = text.plist.entitlements; path = TreNotti.entitlements; sourceTree = "<group>"; };
		96DCE385258BF049009EBB12 /* Env.swift */ = {isa = PBXFileReference; lastKnownFileType = sourcecode.swift; path = Env.swift; sourceTree = "<group>"; };
		96DCE38A258BF0BC009EBB12 /* TNController.swift */ = {isa = PBXFileReference; lastKnownFileType = sourcecode.swift; path = TNController.swift; sourceTree = "<group>"; };
		96DCE38F258BF99A009EBB12 /* railway.json */ = {isa = PBXFileReference; fileEncoding = 4; lastKnownFileType = text.json; path = railway.json; sourceTree = "<group>"; };
/* End PBXFileReference section */

/* Begin PBXFrameworksBuildPhase section */
		9608E761257E9F240094A570 /* Frameworks */ = {
			isa = PBXFrameworksBuildPhase;
			buildActionMask = 2147483647;
			files = (
				969E5516258D8EBD00322029 /* KeychainAccess in Frameworks */,
				9608E7AC257F35820094A570 /* Alamofire in Frameworks */,
				9608E7A6257F35550094A570 /* RealmSwift in Frameworks */,
				9608E7A4257F35550094A570 /* Realm in Frameworks */,
			);
			runOnlyForDeploymentPostprocessing = 0;
		};
		9608E772257E9F250094A570 /* Frameworks */ = {
			isa = PBXFrameworksBuildPhase;
			buildActionMask = 2147483647;
			files = (
			);
			runOnlyForDeploymentPostprocessing = 0;
		};
		9608E77D257E9F250094A570 /* Frameworks */ = {
			isa = PBXFrameworksBuildPhase;
			buildActionMask = 2147483647;
			files = (
			);
			runOnlyForDeploymentPostprocessing = 0;
		};
/* End PBXFrameworksBuildPhase section */

/* Begin PBXGroup section */
		9608E75B257E9F240094A570 = {
			isa = PBXGroup;
			children = (
				9608E766257E9F240094A570 /* TreNotti */,
				9608E778257E9F250094A570 /* TreNottiTests */,
				9608E783257E9F250094A570 /* TreNottiUITests */,
				9608E765257E9F240094A570 /* Products */,
			);
			sourceTree = "<group>";
		};
		9608E765257E9F240094A570 /* Products */ = {
			isa = PBXGroup;
			children = (
				9608E764257E9F240094A570 /* TreNotti.app */,
				9608E775257E9F250094A570 /* TreNottiTests.xctest */,
				9608E780257E9F250094A570 /* TreNottiUITests.xctest */,
			);
			name = Products;
			sourceTree = "<group>";
		};
		9608E766257E9F240094A570 /* TreNotti */ = {
			isa = PBXGroup;
			children = (
				96A04A2D25A615FB00549DD5 /* TreNotti.entitlements */,
				9608E767257E9F240094A570 /* TreNottiApp.swift */,
				9608E769257E9F240094A570 /* ContentView.swift */,
				9608E795257EA3E70094A570 /* TrainStatusView.swift */,
				96DCE385258BF049009EBB12 /* Env.swift */,
				96DCE38A258BF0BC009EBB12 /* TNController.swift */,
				9608E76B257E9F250094A570 /* Assets.xcassets */,
				96DCE38F258BF99A009EBB12 /* railway.json */,
				9608E770257E9F250094A570 /* Info.plist */,
				9608E76D257E9F250094A570 /* Preview Content */,
				969617FA25A9863F00C74310 /* train_information_availability.json */,
			);
			path = TreNotti;
			sourceTree = "<group>";
		};
		9608E76D257E9F250094A570 /* Preview Content */ = {
			isa = PBXGroup;
			children = (
				9608E76E257E9F250094A570 /* Preview Assets.xcassets */,
			);
			path = "Preview Content";
			sourceTree = "<group>";
		};
		9608E778257E9F250094A570 /* TreNottiTests */ = {
			isa = PBXGroup;
			children = (
				9608E779257E9F250094A570 /* TreNottiTests.swift */,
				9608E77B257E9F250094A570 /* Info.plist */,
			);
			path = TreNottiTests;
			sourceTree = "<group>";
		};
		9608E783257E9F250094A570 /* TreNottiUITests */ = {
			isa = PBXGroup;
			children = (
				9608E784257E9F250094A570 /* TreNottiUITests.swift */,
				9608E786257E9F250094A570 /* Info.plist */,
			);
			path = TreNottiUITests;
			sourceTree = "<group>";
		};
/* End PBXGroup section */

/* Begin PBXNativeTarget section */
		9608E763257E9F240094A570 /* TreNotti */ = {
			isa = PBXNativeTarget;
			buildConfigurationList = 9608E789257E9F250094A570 /* Build configuration list for PBXNativeTarget "TreNotti" */;
			buildPhases = (
				9608E760257E9F240094A570 /* Sources */,
				9608E761257E9F240094A570 /* Frameworks */,
				9608E762257E9F240094A570 /* Resources */,
			);
			buildRules = (
			);
			dependencies = (
			);
			name = TreNotti;
			packageProductDependencies = (
				9608E7A3257F35550094A570 /* Realm */,
				9608E7A5257F35550094A570 /* RealmSwift */,
				9608E7AB257F35820094A570 /* Alamofire */,
				969E5515258D8EBD00322029 /* KeychainAccess */,
			);
			productName = TreNotti;
			productReference = 9608E764257E9F240094A570 /* TreNotti.app */;
			productType = "com.apple.product-type.application";
		};
		9608E774257E9F250094A570 /* TreNottiTests */ = {
			isa = PBXNativeTarget;
			buildConfigurationList = 9608E78C257E9F250094A570 /* Build configuration list for PBXNativeTarget "TreNottiTests" */;
			buildPhases = (
				9608E771257E9F250094A570 /* Sources */,
				9608E772257E9F250094A570 /* Frameworks */,
				9608E773257E9F250094A570 /* Resources */,
			);
			buildRules = (
			);
			dependencies = (
				9608E777257E9F250094A570 /* PBXTargetDependency */,
			);
			name = TreNottiTests;
			productName = TreNottiTests;
			productReference = 9608E775257E9F250094A570 /* TreNottiTests.xctest */;
			productType = "com.apple.product-type.bundle.unit-test";
		};
		9608E77F257E9F250094A570 /* TreNottiUITests */ = {
			isa = PBXNativeTarget;
			buildConfigurationList = 9608E78F257E9F250094A570 /* Build configuration list for PBXNativeTarget "TreNottiUITests" */;
			buildPhases = (
				9608E77C257E9F250094A570 /* Sources */,
				9608E77D257E9F250094A570 /* Frameworks */,
				9608E77E257E9F250094A570 /* Resources */,
			);
			buildRules = (
			);
			dependencies = (
				9608E782257E9F250094A570 /* PBXTargetDependency */,
			);
			name = TreNottiUITests;
			productName = TreNottiUITests;
			productReference = 9608E780257E9F250094A570 /* TreNottiUITests.xctest */;
			productType = "com.apple.product-type.bundle.ui-testing";
		};
/* End PBXNativeTarget section */

/* Begin PBXProject section */
		9608E75C257E9F240094A570 /* Project object */ = {
			isa = PBXProject;
			attributes = {
				LastSwiftUpdateCheck = 1220;
				LastUpgradeCheck = 1220;
				TargetAttributes = {
					9608E763257E9F240094A570 = {
						CreatedOnToolsVersion = 12.2;
					};
					9608E774257E9F250094A570 = {
						CreatedOnToolsVersion = 12.2;
						TestTargetID = 9608E763257E9F240094A570;
					};
					9608E77F257E9F250094A570 = {
						CreatedOnToolsVersion = 12.2;
						TestTargetID = 9608E763257E9F240094A570;
					};
				};
			};
			buildConfigurationList = 9608E75F257E9F240094A570 /* Build configuration list for PBXProject "TreNotti" */;
			compatibilityVersion = "Xcode 9.3";
			developmentRegion = en;
			hasScannedForEncodings = 0;
			knownRegions = (
				en,
				Base,
			);
			mainGroup = 9608E75B257E9F240094A570;
			packageReferences = (
				9608E7A2257F35550094A570 /* XCRemoteSwiftPackageReference "realm-cocoa" */,
				9608E7AA257F35820094A570 /* XCRemoteSwiftPackageReference "Alamofire" */,
				969E5514258D8EBD00322029 /* XCRemoteSwiftPackageReference "KeychainAccess" */,
			);
			productRefGroup = 9608E765257E9F240094A570 /* Products */;
			projectDirPath = "";
			projectRoot = "";
			targets = (
				9608E763257E9F240094A570 /* TreNotti */,
				9608E774257E9F250094A570 /* TreNottiTests */,
				9608E77F257E9F250094A570 /* TreNottiUITests */,
			);
		};
/* End PBXProject section */

/* Begin PBXResourcesBuildPhase section */
		9608E762257E9F240094A570 /* Resources */ = {
			isa = PBXResourcesBuildPhase;
			buildActionMask = 2147483647;
			files = (
				969617FB25A9863F00C74310 /* train_information_availability.json in Resources */,
				9608E76F257E9F250094A570 /* Preview Assets.xcassets in Resources */,
				96DCE390258BF99B009EBB12 /* railway.json in Resources */,
				9608E76C257E9F250094A570 /* Assets.xcassets in Resources */,
			);
			runOnlyForDeploymentPostprocessing = 0;
		};
		9608E773257E9F250094A570 /* Resources */ = {
			isa = PBXResourcesBuildPhase;
			buildActionMask = 2147483647;
			files = (
			);
			runOnlyForDeploymentPostprocessing = 0;
		};
		9608E77E257E9F250094A570 /* Resources */ = {
			isa = PBXResourcesBuildPhase;
			buildActionMask = 2147483647;
			files = (
			);
			runOnlyForDeploymentPostprocessing = 0;
		};
/* End PBXResourcesBuildPhase section */

/* Begin PBXSourcesBuildPhase section */
		9608E760257E9F240094A570 /* Sources */ = {
			isa = PBXSourcesBuildPhase;
			buildActionMask = 2147483647;
			files = (
				9608E796257EA3E70094A570 /* TrainStatusView.swift in Sources */,
				96DCE38B258BF0BC009EBB12 /* TNController.swift in Sources */,
				96DCE386258BF049009EBB12 /* Env.swift in Sources */,
				9608E76A257E9F240094A570 /* ContentView.swift in Sources */,
				9608E768257E9F240094A570 /* TreNottiApp.swift in Sources */,
			);
			runOnlyForDeploymentPostprocessing = 0;
		};
		9608E771257E9F250094A570 /* Sources */ = {
			isa = PBXSourcesBuildPhase;
			buildActionMask = 2147483647;
			files = (
				9608E77A257E9F250094A570 /* TreNottiTests.swift in Sources */,
			);
			runOnlyForDeploymentPostprocessing = 0;
		};
		9608E77C257E9F250094A570 /* Sources */ = {
			isa = PBXSourcesBuildPhase;
			buildActionMask = 2147483647;
			files = (
				9608E785257E9F250094A570 /* TreNottiUITests.swift in Sources */,
			);
			runOnlyForDeploymentPostprocessing = 0;
		};
/* End PBXSourcesBuildPhase section */

/* Begin PBXTargetDependency section */
		9608E777257E9F250094A570 /* PBXTargetDependency */ = {
			isa = PBXTargetDependency;
			target = 9608E763257E9F240094A570 /* TreNotti */;
			targetProxy = 9608E776257E9F250094A570 /* PBXContainerItemProxy */;
		};
		9608E782257E9F250094A570 /* PBXTargetDependency */ = {
			isa = PBXTargetDependency;
			target = 9608E763257E9F240094A570 /* TreNotti */;
			targetProxy = 9608E781257E9F250094A570 /* PBXContainerItemProxy */;
		};
/* End PBXTargetDependency section */

/* Begin XCBuildConfiguration section */
		9608E787257E9F250094A570 /* Debug */ = {
			isa = XCBuildConfiguration;
			buildSettings = {
				ALWAYS_SEARCH_USER_PATHS = NO;
				CLANG_ANALYZER_NONNULL = YES;
				CLANG_ANALYZER_NUMBER_OBJECT_CONVERSION = YES_AGGRESSIVE;
				CLANG_CXX_LANGUAGE_STANDARD = "gnu++14";
				CLANG_CXX_LIBRARY = "libc++";
				CLANG_ENABLE_MODULES = YES;
				CLANG_ENABLE_OBJC_ARC = YES;
				CLANG_ENABLE_OBJC_WEAK = YES;
				CLANG_WARN_BLOCK_CAPTURE_AUTORELEASING = YES;
				CLANG_WARN_BOOL_CONVERSION = YES;
				CLANG_WARN_COMMA = YES;
				CLANG_WARN_CONSTANT_CONVERSION = YES;
				CLANG_WARN_DEPRECATED_OBJC_IMPLEMENTATIONS = YES;
				CLANG_WARN_DIRECT_OBJC_ISA_USAGE = YES_ERROR;
				CLANG_WARN_DOCUMENTATION_COMMENTS = YES;
				CLANG_WARN_EMPTY_BODY = YES;
				CLANG_WARN_ENUM_CONVERSION = YES;
				CLANG_WARN_INFINITE_RECURSION = YES;
				CLANG_WARN_INT_CONVERSION = YES;
				CLANG_WARN_NON_LITERAL_NULL_CONVERSION = YES;
				CLANG_WARN_OBJC_IMPLICIT_RETAIN_SELF = YES;
				CLANG_WARN_OBJC_LITERAL_CONVERSION = YES;
				CLANG_WARN_OBJC_ROOT_CLASS = YES_ERROR;
				CLANG_WARN_QUOTED_INCLUDE_IN_FRAMEWORK_HEADER = YES;
				CLANG_WARN_RANGE_LOOP_ANALYSIS = YES;
				CLANG_WARN_STRICT_PROTOTYPES = YES;
				CLANG_WARN_SUSPICIOUS_MOVE = YES;
				CLANG_WARN_UNGUARDED_AVAILABILITY = YES_AGGRESSIVE;
				CLANG_WARN_UNREACHABLE_CODE = YES;
				CLANG_WARN__DUPLICATE_METHOD_MATCH = YES;
				COPY_PHASE_STRIP = NO;
				DEBUG_INFORMATION_FORMAT = dwarf;
				ENABLE_STRICT_OBJC_MSGSEND = YES;
				ENABLE_TESTABILITY = YES;
				GCC_C_LANGUAGE_STANDARD = gnu11;
				GCC_DYNAMIC_NO_PIC = NO;
				GCC_NO_COMMON_BLOCKS = YES;
				GCC_OPTIMIZATION_LEVEL = 0;
				GCC_PREPROCESSOR_DEFINITIONS = (
					"DEBUG=1",
					"$(inherited)",
				);
				GCC_WARN_64_TO_32_BIT_CONVERSION = YES;
				GCC_WARN_ABOUT_RETURN_TYPE = YES_ERROR;
				GCC_WARN_UNDECLARED_SELECTOR = YES;
				GCC_WARN_UNINITIALIZED_AUTOS = YES_AGGRESSIVE;
				GCC_WARN_UNUSED_FUNCTION = YES;
				GCC_WARN_UNUSED_VARIABLE = YES;
				IPHONEOS_DEPLOYMENT_TARGET = 14.2;
				MTL_ENABLE_DEBUG_INFO = INCLUDE_SOURCE;
				MTL_FAST_MATH = YES;
				ONLY_ACTIVE_ARCH = YES;
				SDKROOT = iphoneos;
				SWIFT_ACTIVE_COMPILATION_CONDITIONS = DEBUG;
				SWIFT_OPTIMIZATION_LEVEL = "-Onone";
			};
			name = Debug;
		};
		9608E788257E9F250094A570 /* Release */ = {
			isa = XCBuildConfiguration;
			buildSettings = {
				ALWAYS_SEARCH_USER_PATHS = NO;
				CLANG_ANALYZER_NONNULL = YES;
				CLANG_ANALYZER_NUMBER_OBJECT_CONVERSION = YES_AGGRESSIVE;
				CLANG_CXX_LANGUAGE_STANDARD = "gnu++14";
				CLANG_CXX_LIBRARY = "libc++";
				CLANG_ENABLE_MODULES = YES;
				CLANG_ENABLE_OBJC_ARC = YES;
				CLANG_ENABLE_OBJC_WEAK = YES;
				CLANG_WARN_BLOCK_CAPTURE_AUTORELEASING = YES;
				CLANG_WARN_BOOL_CONVERSION = YES;
				CLANG_WARN_COMMA = YES;
				CLANG_WARN_CONSTANT_CONVERSION = YES;
				CLANG_WARN_DEPRECATED_OBJC_IMPLEMENTATIONS = YES;
				CLANG_WARN_DIRECT_OBJC_ISA_USAGE = YES_ERROR;
				CLANG_WARN_DOCUMENTATION_COMMENTS = YES;
				CLANG_WARN_EMPTY_BODY = YES;
				CLANG_WARN_ENUM_CONVERSION = YES;
				CLANG_WARN_INFINITE_RECURSION = YES;
				CLANG_WARN_INT_CONVERSION = YES;
				CLANG_WARN_NON_LITERAL_NULL_CONVERSION = YES;
				CLANG_WARN_OBJC_IMPLICIT_RETAIN_SELF = YES;
				CLANG_WARN_OBJC_LITERAL_CONVERSION = YES;
				CLANG_WARN_OBJC_ROOT_CLASS = YES_ERROR;
				CLANG_WARN_QUOTED_INCLUDE_IN_FRAMEWORK_HEADER = YES;
				CLANG_WARN_RANGE_LOOP_ANALYSIS = YES;
				CLANG_WARN_STRICT_PROTOTYPES = YES;
				CLANG_WARN_SUSPICIOUS_MOVE = YES;
				CLANG_WARN_UNGUARDED_AVAILABILITY = YES_AGGRESSIVE;
				CLANG_WARN_UNREACHABLE_CODE = YES;
				CLANG_WARN__DUPLICATE_METHOD_MATCH = YES;
				COPY_PHASE_STRIP = NO;
				DEBUG_INFORMATION_FORMAT = "dwarf-with-dsym";
				ENABLE_NS_ASSERTIONS = NO;
				ENABLE_STRICT_OBJC_MSGSEND = YES;
				GCC_C_LANGUAGE_STANDARD = gnu11;
				GCC_NO_COMMON_BLOCKS = YES;
				GCC_WARN_64_TO_32_BIT_CONVERSION = YES;
				GCC_WARN_ABOUT_RETURN_TYPE = YES_ERROR;
				GCC_WARN_UNDECLARED_SELECTOR = YES;
				GCC_WARN_UNINITIALIZED_AUTOS = YES_AGGRESSIVE;
				GCC_WARN_UNUSED_FUNCTION = YES;
				GCC_WARN_UNUSED_VARIABLE = YES;
				IPHONEOS_DEPLOYMENT_TARGET = 14.2;
				MTL_ENABLE_DEBUG_INFO = NO;
				MTL_FAST_MATH = YES;
				SDKROOT = iphoneos;
				SWIFT_COMPILATION_MODE = wholemodule;
				SWIFT_OPTIMIZATION_LEVEL = "-O";
				VALIDATE_PRODUCT = YES;
			};
			name = Release;
		};
		9608E78A257E9F250094A570 /* Debug */ = {
			isa = XCBuildConfiguration;
			buildSettings = {
				ASSETCATALOG_COMPILER_APPICON_NAME = AppIcon;
				ASSETCATALOG_COMPILER_GLOBAL_ACCENT_COLOR_NAME = AccentColor;
				CODE_SIGN_ENTITLEMENTS = TreNotti/TreNotti.entitlements;
				CODE_SIGN_IDENTITY = "iPhone Developer";
				CODE_SIGN_STYLE = Manual;
				DEVELOPMENT_ASSET_PATHS = "TreNotti/railway.json TreNotti/Preview\\ Content";
				DEVELOPMENT_TEAM = 9YN493UFZE;
				ENABLE_PREVIEWS = YES;
				INFOPLIST_FILE = TreNotti/Info.plist;
				IPHONEOS_DEPLOYMENT_TARGET = 14.0;
				LD_RUNPATH_SEARCH_PATHS = (
					"$(inherited)",
					"@executable_path/Frameworks",
				);
				PRODUCT_BUNDLE_IDENTIFIER = jp.beah.TreNotti;
				PRODUCT_NAME = "$(TARGET_NAME)";
				PROVISIONING_PROFILE_SPECIFIER = "TreNotti-Dev";
				SWIFT_VERSION = 5.0;
				TARGETED_DEVICE_FAMILY = "1,2";
			};
			name = Debug;
		};
		9608E78B257E9F250094A570 /* Release */ = {
			isa = XCBuildConfiguration;
			buildSettings = {
				ASSETCATALOG_COMPILER_APPICON_NAME = AppIcon;
				ASSETCATALOG_COMPILER_GLOBAL_ACCENT_COLOR_NAME = AccentColor;
				CODE_SIGN_ENTITLEMENTS = TreNotti/TreNotti.entitlements;
				CODE_SIGN_IDENTITY = "iPhone Developer";
				CODE_SIGN_STYLE = Manual;
				DEVELOPMENT_ASSET_PATHS = "TreNotti/railway.json TreNotti/Preview\\ Content";
				DEVELOPMENT_TEAM = 9YN493UFZE;
				ENABLE_PREVIEWS = YES;
				INFOPLIST_FILE = TreNotti/Info.plist;
				IPHONEOS_DEPLOYMENT_TARGET = 14.0;
				LD_RUNPATH_SEARCH_PATHS = (
					"$(inherited)",
					"@executable_path/Frameworks",
				);
				PRODUCT_BUNDLE_IDENTIFIER = jp.beah.TreNotti;
				PRODUCT_NAME = "$(TARGET_NAME)";
				PROVISIONING_PROFILE_SPECIFIER = "TreNotti-Dev";
				SWIFT_VERSION = 5.0;
				TARGETED_DEVICE_FAMILY = "1,2";
			};
			name = Release;
		};
		9608E78D257E9F250094A570 /* Debug */ = {
			isa = XCBuildConfiguration;
			buildSettings = {
				ALWAYS_EMBED_SWIFT_STANDARD_LIBRARIES = YES;
				BUNDLE_LOADER = "$(TEST_HOST)";
				CODE_SIGN_STYLE = Automatic;
				DEVELOPMENT_TEAM = 9YN493UFZE;
				INFOPLIST_FILE = TreNottiTests/Info.plist;
				IPHONEOS_DEPLOYMENT_TARGET = 14.0;
				LD_RUNPATH_SEARCH_PATHS = (
					"$(inherited)",
					"@executable_path/Frameworks",
					"@loader_path/Frameworks",
				);
				PRODUCT_BUNDLE_IDENTIFIER = jp.beah.TreNottiTests;
				PRODUCT_NAME = "$(TARGET_NAME)";
				SWIFT_VERSION = 5.0;
				TARGETED_DEVICE_FAMILY = "1,2";
				TEST_HOST = "$(BUILT_PRODUCTS_DIR)/TreNotti.app/TreNotti";
			};
			name = Debug;
		};
		9608E78E257E9F250094A570 /* Release */ = {
			isa = XCBuildConfiguration;
			buildSettings = {
				ALWAYS_EMBED_SWIFT_STANDARD_LIBRARIES = YES;
				BUNDLE_LOADER = "$(TEST_HOST)";
				CODE_SIGN_STYLE = Automatic;
				DEVELOPMENT_TEAM = 9YN493UFZE;
				INFOPLIST_FILE = TreNottiTests/Info.plist;
				IPHONEOS_DEPLOYMENT_TARGET = 14.0;
				LD_RUNPATH_SEARCH_PATHS = (
					"$(inherited)",
					"@executable_path/Frameworks",
					"@loader_path/Frameworks",
				);
				PRODUCT_BUNDLE_IDENTIFIER = jp.beah.TreNottiTests;
				PRODUCT_NAME = "$(TARGET_NAME)";
				SWIFT_VERSION = 5.0;
				TARGETED_DEVICE_FAMILY = "1,2";
				TEST_HOST = "$(BUILT_PRODUCTS_DIR)/TreNotti.app/TreNotti";
			};
			name = Release;
		};
		9608E790257E9F250094A570 /* Debug */ = {
			isa = XCBuildConfiguration;
			buildSettings = {
				ALWAYS_EMBED_SWIFT_STANDARD_LIBRARIES = YES;
				CODE_SIGN_STYLE = Automatic;
				DEVELOPMENT_TEAM = 9YN493UFZE;
				INFOPLIST_FILE = TreNottiUITests/Info.plist;
				LD_RUNPATH_SEARCH_PATHS = (
					"$(inherited)",
					"@executable_path/Frameworks",
					"@loader_path/Frameworks",
				);
				PRODUCT_BUNDLE_IDENTIFIER = jp.beah.TreNottiUITests;
				PRODUCT_NAME = "$(TARGET_NAME)";
				SWIFT_VERSION = 5.0;
				TARGETED_DEVICE_FAMILY = "1,2";
				TEST_TARGET_NAME = TreNotti;
			};
			name = Debug;
		};
		9608E791257E9F250094A570 /* Release */ = {
			isa = XCBuildConfiguration;
			buildSettings = {
				ALWAYS_EMBED_SWIFT_STANDARD_LIBRARIES = YES;
				CODE_SIGN_STYLE = Automatic;
				DEVELOPMENT_TEAM = 9YN493UFZE;
				INFOPLIST_FILE = TreNottiUITests/Info.plist;
				LD_RUNPATH_SEARCH_PATHS = (
					"$(inherited)",
					"@executable_path/Frameworks",
					"@loader_path/Frameworks",
				);
				PRODUCT_BUNDLE_IDENTIFIER = jp.beah.TreNottiUITests;
				PRODUCT_NAME = "$(TARGET_NAME)";
				SWIFT_VERSION = 5.0;
				TARGETED_DEVICE_FAMILY = "1,2";
				TEST_TARGET_NAME = TreNotti;
			};
			name = Release;
		};
/* End XCBuildConfiguration section */

/* Begin XCConfigurationList section */
		9608E75F257E9F240094A570 /* Build configuration list for PBXProject "TreNotti" */ = {
			isa = XCConfigurationList;
			buildConfigurations = (
				9608E787257E9F250094A570 /* Debug */,
				9608E788257E9F250094A570 /* Release */,
			);
			defaultConfigurationIsVisible = 0;
			defaultConfigurationName = Release;
		};
		9608E789257E9F250094A570 /* Build configuration list for PBXNativeTarget "TreNotti" */ = {
			isa = XCConfigurationList;
			buildConfigurations = (
				9608E78A257E9F250094A570 /* Debug */,
				9608E78B257E9F250094A570 /* Release */,
			);
			defaultConfigurationIsVisible = 0;
			defaultConfigurationName = Release;
		};
		9608E78C257E9F250094A570 /* Build configuration list for PBXNativeTarget "TreNottiTests" */ = {
			isa = XCConfigurationList;
			buildConfigurations = (
				9608E78D257E9F250094A570 /* Debug */,
				9608E78E257E9F250094A570 /* Release */,
			);
			defaultConfigurationIsVisible = 0;
			defaultConfigurationName = Release;
		};
		9608E78F257E9F250094A570 /* Build configuration list for PBXNativeTarget "TreNottiUITests" */ = {
			isa = XCConfigurationList;
			buildConfigurations = (
				9608E790257E9F250094A570 /* Debug */,
				9608E791257E9F250094A570 /* Release */,
			);
			defaultConfigurationIsVisible = 0;
			defaultConfigurationName = Release;
		};
/* End XCConfigurationList section */

/* Begin XCRemoteSwiftPackageReference section */
		9608E7A2257F35550094A570 /* XCRemoteSwiftPackageReference "realm-cocoa" */ = {
			isa = XCRemoteSwiftPackageReference;
			repositoryURL = "https://github.com/realm/realm-cocoa.git";
			requirement = {
				kind = upToNextMajorVersion;
				minimumVersion = 10.2.0;
			};
		};
		9608E7AA257F35820094A570 /* XCRemoteSwiftPackageReference "Alamofire" */ = {
			isa = XCRemoteSwiftPackageReference;
			repositoryURL = "https://github.com/Alamofire/Alamofire.git";
			requirement = {
				kind = upToNextMajorVersion;
				minimumVersion = 5.4.0;
			};
		};
		969E5514258D8EBD00322029 /* XCRemoteSwiftPackageReference "KeychainAccess" */ = {
			isa = XCRemoteSwiftPackageReference;
			repositoryURL = "https://github.com/kishikawakatsumi/KeychainAccess.git";
			requirement = {
				kind = upToNextMajorVersion;
				minimumVersion = 4.2.1;
			};
		};
/* End XCRemoteSwiftPackageReference section */

/* Begin XCSwiftPackageProductDependency section */
		9608E7A3257F35550094A570 /* Realm */ = {
			isa = XCSwiftPackageProductDependency;
			package = 9608E7A2257F35550094A570 /* XCRemoteSwiftPackageReference "realm-cocoa" */;
			productName = Realm;
		};
		9608E7A5257F35550094A570 /* RealmSwift */ = {
			isa = XCSwiftPackageProductDependency;
			package = 9608E7A2257F35550094A570 /* XCRemoteSwiftPackageReference "realm-cocoa" */;
			productName = RealmSwift;
		};
		9608E7AB257F35820094A570 /* Alamofire */ = {
			isa = XCSwiftPackageProductDependency;
			package = 9608E7AA257F35820094A570 /* XCRemoteSwiftPackageReference "Alamofire" */;
			productName = Alamofire;
		};
		969E5515258D8EBD00322029 /* KeychainAccess */ = {
			isa = XCSwiftPackageProductDependency;
			package = 969E5514258D8EBD00322029 /* XCRemoteSwiftPackageReference "KeychainAccess" */;
			productName = KeychainAccess;
		};
/* End XCSwiftPackageProductDependency section */
	};
	rootObject = 9608E75C257E9F240094A570 /* Project object */;
}
